"node_modules/express-handlebars": {
  "version": "9.0.1",
  "resolved": "https://registry.npmjs.org/express-handlebars/-/express-handlebars-9.0.1.tgz",
  "integrity": "sha512-zkU1G3SHfOXFMVlfZuYruOw5U2oaz+GsDEmnVfE4n5Gx0l+4si61lmFzjsHvu2OTmcabafBETAWg+HmAjLpAMA==",
  "license": "BSD-3-Clause",
  "dependencies": {
    "glob": "^13.0.6",
    "graceful-fs": "^4.2.11",
    "handlebars": "^4.7.9"
  },
  "engines": {
    "node": ">=22.22.2"
  }
},
"node_modules/foreground-child": {
  "version": "3.3.1",
  "resolved": "https://registry.npmjs.org/foreground-child/-/foreground-child-3.3.1.tgz",
  "integrity": "sha512-gIXjKqtFuWEgzFRJA9WCQeSJLZDjgJUOMCMzxtvFq/37KojM1BFGufqsCy0r4qSQmYLsZYMeyRqzIWOMup03sw==",
  "license": "ISC",
  "dependencies": {
    "cross-spawn": "^7.0.6",
    "signal-exit": "^4.0.1"
  },
  "engines": {
    "node": ">=14"
  },
  "funding": {
    "url": "https://github.com/sponsors/isaacs"
  }
},
"node_modules/glob": {
  "version": "13.0.6",
  "resolved": "https://registry.npmjs.org/glob/-/glob-13.0.6.tgz",
  "integrity": "sha512-Wjlyrolmm8uDpm/ogGyXZXb1Z+Ca2B8NbJwqBVg0axK9GbBeoS7yGV6vjXnYdGm6X53iehEuxxbyiKp8QmN4Vw==",
  "license": "BlueOak-1.0.0",
  "dependencies": {
    "minimatch": "^10.2.2",
    "minipass": "^7.1.3",
    "path-scurry": "^2.0.2"
  },
  "engines": {
    "node": "18 || 20 || >=22"
  }
},
"node_modules/json2csv": {
  "version": "6.0.0-alpha.2",
  "resolved": "https://registry.npmjs.org/json2csv/-/json2csv-6.0.0-alpha.2.tgz",
  "integrity": "sha512-nJ3oP6QxN8z69IT1HmrJdfVxhU1kLTBVgMfRnNZc37YEY+jZ4nU27rBGxT4vaqM/KUCavLRhntmTuBFqZLBUcA==",
  "license": "MIT",
  "dependencies": {
    "@streamparser/json": "^0.0.6",
    "commander": "^6.2.0",
    "lodash.get": "^4.4.2"
  },
  "bin": {
    "json2csv": "bin/json2csv.js"
  },
  "engines": {
    "node": ">= 12",
    "npm": ">= 6.13.0"
  }
},
"node_modules/lru-cache": {
  "version": "11.3.5",
  "resolved": "https://registry.npmjs.org/lru-cache/-/lru-cache-11.3.5.tgz",
  "integrity": "sha512-NxVFwLAnrd9i7KUBxC4DrUhmgjzOs+1Qm50D3oF1/oL+r1NpZ4gA7xvG0/zJ8evR7zIKn4vLf7qTNduWFtCrRw==",
  "license": "BlueOak-1.0.0",
  "engines": {
    "node": "20 || >=22"
  }
},
"node_modules/path-key": {
  "version": "3.1.1",
  "resolved": "https://registry.npmjs.org/path-key/-/path-key-3.1.1.tgz",
  "integrity": "sha512-ojmeN0qd+y0jszEtoY48r0Peq5dwMEkIlCOu6Q5f41lfkswXuKtYrhgoTpLnyIcHm24Uhqx+5Tqm2InSwLhE6Q==",
  "license": "MIT",
  "engines": {
    "node": ">=8"
  }
}